
Microsoft Visual Studio Solution File, Format Version 12.00
# Visual Studio Version 16
VisualStudioVersion = 16.0.30225.117
MinimumVisualStudioVersion = 10.0.40219.1
Project("{FAE04EC0-301F-11D3-BF4B-00C04F79EFBC}") = "Stationery management", "Stationery management\Stationery management.csproj", "{F66C55E7-FD8F-4B1D-9303-B3B2A37AAC5E}"
EndProject
Global
	GlobalSection(SolutionConfigurationPlatforms) = preSolution
		Debug|Any CPU = Debug|Any CPU
		Release|Any CPU = Release|Any CPU
	EndGlobalSection
	GlobalSection(ProjectConfigurationPlatforms) = postSolution
		{F66C55E7-FD8F-4B1D-9303-B3B2A37AAC5E}.Debug|Any CPU.ActiveCfg = Debug|Any CPU
		{F66C55E7-FD8F-4B1D-9303-B3B2A37AAC5E}.Debug|Any CPU.Build.0 = Debug|Any CPU
		{F66C55E7-FD8F-4B1D-9303-B3B2A37AAC5E}.Release|Any CPU.ActiveCfg = Release|Any CPU
		{F66C55E7-FD8F-4B1D-9303-B3B2A37AAC5E}.Release|Any CPU.Build.0 = Release|Any CPU
	EndGlobalSection
	GlobalSection(SolutionProperties) = preSolution
		HideSolutionNode = FALSE
	EndGlobalSection
	GlobalSection(ExtensibilityGlobals) = postSolution
		SolutionGuid = {720FE4D7-0CE5-422C-B3E1-EECC8A3BCBFF}
	EndGlobalSection
EndGlobal
